
Microsoft Visual Studio Solution File, Format Version 12.00
# Visual Studio Version 16
VisualStudioVersion = 16.0.31729.503
MinimumVisualStudioVersion = 10.0.40219.1
Project("{FAE04EC0-301F-11D3-BF4B-00C04F79EFBC}") = "options", "options\options.csproj", "{2C46B5BF-0D49-4850-B487-E49E93E95868}"
EndProject
Global
	GlobalSection(SolutionConfigurationPlatforms) = preSolution
		Debug|Any CPU = Debug|Any CPU
		Release|Any CPU = Release|Any CPU
	EndGlobalSection
	GlobalSection(ProjectConfigurationPlatforms) = postSolution
		{2C46B5BF-0D49-4850-B487-E49E93E95868}.Debug|Any CPU.ActiveCfg = Debug|Any CPU
		{2C46B5BF-0D49-4850-B487-E49E93E95868}.Debug|Any CPU.Build.0 = Debug|Any CPU
		{2C46B5BF-0D49-4850-B487-E49E93E95868}.Release|Any CPU.ActiveCfg = Release|Any CPU
		{2C46B5BF-0D49-4850-B487-E49E93E95868}.Release|Any CPU.Build.0 = Release|Any CPU
	EndGlobalSection
	GlobalSection(SolutionProperties) = preSolution
		HideSolutionNode = FALSE
	EndGlobalSection
	GlobalSection(ExtensibilityGlobals) = postSolution
		SolutionGuid = {F5EE3F52-04C1-4998-AA7E-E0EB02832D99}
	EndGlobalSection
EndGlobal
